
Microsoft Visual Studio Solution File, Format Version 12.00
# Visual Studio Version 17
VisualStudioVersion = 17.6.33829.357
MinimumVisualStudioVersion = 10.0.40219.1
Project("{FAE04EC0-301F-11D3-BF4B-00C04F79EFBC}") = "CaterpillarControlSystem", "CaterpillarControlSystem\CaterpillarControlSystem.csproj", "{4AB5F2D0-5B83-4C1B-A487-CE87C938354B}"
EndProject
Global
	GlobalSection(SolutionConfigurationPlatforms) = preSolution
		Debug|Any CPU = Debug|Any CPU
		Release|Any CPU = Release|Any CPU
	EndGlobalSection
	GlobalSection(ProjectConfigurationPlatforms) = postSolution
		{4AB5F2D0-5B83-4C1B-A487-CE87C938354B}.Debug|Any CPU.ActiveCfg = Debug|Any CPU
		{4AB5F2D0-5B83-4C1B-A487-CE87C938354B}.Debug|Any CPU.Build.0 = Debug|Any CPU
		{4AB5F2D0-5B83-4C1B-A487-CE87C938354B}.Release|Any CPU.ActiveCfg = Release|Any CPU
		{4AB5F2D0-5B83-4C1B-A487-CE87C938354B}.Release|Any CPU.Build.0 = Release|Any CPU
	EndGlobalSection
	GlobalSection(SolutionProperties) = preSolution
		HideSolutionNode = FALSE
	EndGlobalSection
	GlobalSection(ExtensibilityGlobals) = postSolution
		SolutionGuid = {C2DA5271-126A-4BCF-8398-2BF6C3D5012B}
	EndGlobalSection
EndGlobal
